
Microsoft Visual Studio Solution File, Format Version 12.00
# Visual Studio Version 16
VisualStudioVersion = 16.0.30503.244
MinimumVisualStudioVersion = 10.0.40219.1
Project("{FAE04EC0-301F-11D3-BF4B-00C04F79EFBC}") = "DockerWebApi", "DockerWebApi.csproj", "{127C15BC-498C-4DB7-9DC8-46EE30541DF9}"
EndProject
Global
	GlobalSection(SolutionConfigurationPlatforms) = preSolution
		Debug|Any CPU = Debug|Any CPU
		Release|Any CPU = Release|Any CPU
	EndGlobalSection
	GlobalSection(ProjectConfigurationPlatforms) = postSolution
		{127C15BC-498C-4DB7-9DC8-46EE30541DF9}.Debug|Any CPU.ActiveCfg = Debug|Any CPU
		{127C15BC-498C-4DB7-9DC8-46EE30541DF9}.Debug|Any CPU.Build.0 = Debug|Any CPU
		{127C15BC-498C-4DB7-9DC8-46EE30541DF9}.Release|Any CPU.ActiveCfg = Release|Any CPU
		{127C15BC-498C-4DB7-9DC8-46EE30541DF9}.Release|Any CPU.Build.0 = Release|Any CPU
	EndGlobalSection
	GlobalSection(SolutionProperties) = preSolution
		HideSolutionNode = FALSE
	EndGlobalSection
	GlobalSection(ExtensibilityGlobals) = postSolution
		SolutionGuid = {7D7E93E3-79FB-4625-9C8C-5A803EA5215B}
	EndGlobalSection
EndGlobal
